
Microsoft Visual Studio Solution File, Format Version 12.00
# Visual Studio Version 16
VisualStudioVersion = 16.0.29503.13
MinimumVisualStudioVersion = 10.0.40219.1
Project("{FAE04EC0-301F-11D3-BF4B-00C04F79EFBC}") = "관중석 visualizer", "관중석 visualizer\관중석 visualizer.csproj", "{70F36678-23F4-459F-A1EA-AF87A413B4F1}"
EndProject
Global
	GlobalSection(SolutionConfigurationPlatforms) = preSolution
		Debug|Any CPU = Debug|Any CPU
		Release|Any CPU = Release|Any CPU
	EndGlobalSection
	GlobalSection(ProjectConfigurationPlatforms) = postSolution
		{70F36678-23F4-459F-A1EA-AF87A413B4F1}.Debug|Any CPU.ActiveCfg = Debug|Any CPU
		{70F36678-23F4-459F-A1EA-AF87A413B4F1}.Debug|Any CPU.Build.0 = Debug|Any CPU
		{70F36678-23F4-459F-A1EA-AF87A413B4F1}.Release|Any CPU.ActiveCfg = Release|Any CPU
		{70F36678-23F4-459F-A1EA-AF87A413B4F1}.Release|Any CPU.Build.0 = Release|Any CPU
	EndGlobalSection
	GlobalSection(SolutionProperties) = preSolution
		HideSolutionNode = FALSE
	EndGlobalSection
	GlobalSection(ExtensibilityGlobals) = postSolution
		SolutionGuid = {2ABE38AD-1BB4-4D39-B5AD-0BC5222CCDDF}
	EndGlobalSection
EndGlobal
